// !$*UTF8*$!
{
	archiveVersion = 1;
	classes = {
	};
	objectVersion = 50;
	objects = {

/* Begin PBXBuildFile section */
		1624D38F22A5875900C4A146 /* Message.swift in Sources */ = {isa = PBXBuildFile; fileRef = 1624D38E22A5875900C4A146 /* Message.swift */; };
		1624D39222A5BAF200C4A146 /* MessageController.swift in Sources */ = {isa = PBXBuildFile; fileRef = 1624D39122A5BAF200C4A146 /* MessageController.swift */; };
		1624D39522A5C02100C4A146 /* MessageListTableViewController.swift in Sources */ = {isa = PBXBuildFile; fileRef = 1624D39422A5C02100C4A146 /* MessageListTableViewController.swift */; };
		1624D39A22A6D32B00C4A146 /* LaunchScreen.storyboard in Resources */ = {isa = PBXBuildFile; fileRef = 1624D39922A6D32B00C4A146 /* LaunchScreen.storyboard */; };
		16AE5F7C22A584330033E4DF /* AppDelegate.swift in Sources */ = {isa = PBXBuildFile; fileRef = 16AE5F7B22A584330033E4DF /* AppDelegate.swift */; };
		16AE5F8122A584330033E4DF /* Main.storyboard in Resources */ = {isa = PBXBuildFile; fileRef = 16AE5F7F22A584330033E4DF /* Main.storyboard */; };
		16AE5F8322A584340033E4DF /* Assets.xcassets in Resources */ = {isa = PBXBuildFile; fileRef = 16AE5F8222A584340033E4DF /* Assets.xcassets */; };
/* End PBXBuildFile section */

/* Begin PBXFileReference section */
		1624D38E22A5875900C4A146 /* Message.swift */ = {isa = PBXFileReference; lastKnownFileType = sourcecode.swift; path = Message.swift; sourceTree = "<group>"; };
		1624D39122A5BAF200C4A146 /* MessageController.swift */ = {isa = PBXFileReference; lastKnownFileType = sourcecode.swift; path = MessageController.swift; sourceTree = "<group>"; };
		1624D39422A5C02100C4A146 /* MessageListTableViewController.swift */ = {isa = PBXFileReference; lastKnownFileType = sourcecode.swift; name = MessageListTableViewController.swift; path = ../MessageListTableViewController.swift; sourceTree = "<group>"; };
		1624D39922A6D32B00C4A146 /* LaunchScreen.storyboard */ = {isa = PBXFileReference; lastKnownFileType = file.storyboard; path = LaunchScreen.storyboard; sourceTree = "<group>"; };
		16AE5F7822A584330033E4DF /* CKBulletinBoard.app */ = {isa = PBXFileReference; explicitFileType = wrapper.application; includeInIndex = 0; path = CKBulletinBoard.app; sourceTree = BUILT_PRODUCTS_DIR; };
		16AE5F7B22A584330033E4DF /* AppDelegate.swift */ = {isa = PBXFileReference; lastKnownFileType = sourcecode.swift; name = AppDelegate.swift; path = ../AppDelegate.swift; sourceTree = "<group>"; };
		16AE5F8022A584330033E4DF /* Base */ = {isa = PBXFileReference; lastKnownFileType = file.storyboard; name = Base; path = Base.lproj/Main.storyboard; sourceTree = "<group>"; };
		16AE5F8222A584340033E4DF /* Assets.xcassets */ = {isa = PBXFileReference; lastKnownFileType = folder.assetcatalog; name = Assets.xcassets; path = ../Assets.xcassets; sourceTree = "<group>"; };
		16AE5F8722A584340033E4DF /* Info.plist */ = {isa = PBXFileReference; lastKnownFileType = text.plist.xml; name = Info.plist; path = ../Info.plist; sourceTree = "<group>"; };
/* End PBXFileReference section */

/* Begin PBXFrameworksBuildPhase section */
		16AE5F7522A584330033E4DF /* Frameworks */ = {
			isa = PBXFrameworksBuildPhase;
			buildActionMask = 2147483647;
			files = (
			);
			runOnlyForDeploymentPostprocessing = 0;
		};
/* End PBXFrameworksBuildPhase section */

/* Begin PBXGroup section */
		1624D39022A5B90D00C4A146 /* Model */ = {
			isa = PBXGroup;
			children = (
				1624D38E22A5875900C4A146 /* Message.swift */,
			);
			path = Model;
			sourceTree = "<group>";
		};
		1624D39322A5BAFA00C4A146 /* Model Controller */ = {
			isa = PBXGroup;
			children = (
				1624D39122A5BAF200C4A146 /* MessageController.swift */,
			);
			name = "Model Controller";
			sourceTree = "<group>";
		};
		1624D39722A6D1F400C4A146 /* View Controller */ = {
			isa = PBXGroup;
			children = (
				1624D39422A5C02100C4A146 /* MessageListTableViewController.swift */,
			);
			path = "View Controller";
			sourceTree = "<group>";
		};
		1624D39822A6D24400C4A146 /* Resources */ = {
			isa = PBXGroup;
			children = (
				16AE5F7B22A584330033E4DF /* AppDelegate.swift */,
				1624D39922A6D32B00C4A146 /* LaunchScreen.storyboard */,
				16AE5F8222A584340033E4DF /* Assets.xcassets */,
				16AE5F8722A584340033E4DF /* Info.plist */,
			);
			path = Resources;
			sourceTree = "<group>";
		};
		16AE5F6F22A584330033E4DF = {
			isa = PBXGroup;
			children = (
				16AE5F7A22A584330033E4DF /* CKBulletinBoard */,
				16AE5F7922A584330033E4DF /* Products */,
			);
			sourceTree = "<group>";
		};
		16AE5F7922A584330033E4DF /* Products */ = {
			isa = PBXGroup;
			children = (
				16AE5F7822A584330033E4DF /* CKBulletinBoard.app */,
			);
			name = Products;
			sourceTree = "<group>";
		};
		16AE5F7A22A584330033E4DF /* CKBulletinBoard */ = {
			isa = PBXGroup;
			children = (
				1624D39322A5BAFA00C4A146 /* Model Controller */,
				1624D39722A6D1F400C4A146 /* View Controller */,
				1624D39022A5B90D00C4A146 /* Model */,
				1624D39822A6D24400C4A146 /* Resources */,
				16AE5F7F22A584330033E4DF /* Main.storyboard */,
			);
			path = CKBulletinBoard;
			sourceTree = "<group>";
		};
/* End PBXGroup section */

/* Begin PBXNativeTarget section */
		16AE5F7722A584330033E4DF /* CKBulletinBoard */ = {
			isa = PBXNativeTarget;
			buildConfigurationList = 16AE5F8A22A584340033E4DF /* Build configuration list for PBXNativeTarget "CKBulletinBoard" */;
			buildPhases = (
				16AE5F7422A584330033E4DF /* Sources */,
				16AE5F7522A584330033E4DF /* Frameworks */,
				16AE5F7622A584330033E4DF /* Resources */,
			);
			buildRules = (
			);
			dependencies = (
			);
			name = CKBulletinBoard;
			productName = CKBulletinBoard;
			productReference = 16AE5F7822A584330033E4DF /* CKBulletinBoard.app */;
			productType = "com.apple.product-type.application";
		};
/* End PBXNativeTarget section */

/* Begin PBXProject section */
		16AE5F7022A584330033E4DF /* Project object */ = {
			isa = PBXProject;
			attributes = {
				LastSwiftUpdateCheck = 1020;
				LastUpgradeCheck = 1020;
				ORGANIZATIONNAME = "Jordan Hendrickson";
				TargetAttributes = {
					16AE5F7722A584330033E4DF = {
						CreatedOnToolsVersion = 10.2.1;
					};
				};
			};
			buildConfigurationList = 16AE5F7322A584330033E4DF /* Build configuration list for PBXProject "CKBulletinBoard" */;
			compatibilityVersion = "Xcode 9.3";
			developmentRegion = en;
			hasScannedForEncodings = 0;
			knownRegions = (
				en,
				Base,
			);
			mainGroup = 16AE5F6F22A584330033E4DF;
			productRefGroup = 16AE5F7922A584330033E4DF /* Products */;
			projectDirPath = "";
			projectRoot = "";
			targets = (
				16AE5F7722A584330033E4DF /* CKBulletinBoard */,
			);
		};
/* End PBXProject section */

/* Begin PBXResourcesBuildPhase section */
		16AE5F7622A584330033E4DF /* Resources */ = {
			isa = PBXResourcesBuildPhase;
			buildActionMask = 2147483647;
			files = (
				1624D39A22A6D32B00C4A146 /* LaunchScreen.storyboard in Resources */,
				16AE5F8322A584340033E4DF /* Assets.xcassets in Resources */,
				16AE5F8122A584330033E4DF /* Main.storyboard in Resources */,
			);
			runOnlyForDeploymentPostprocessing = 0;
		};
/* End PBXResourcesBuildPhase section */

/* Begin PBXSourcesBuildPhase section */
		16AE5F7422A584330033E4DF /* Sources */ = {
			isa = PBXSourcesBuildPhase;
			buildActionMask = 2147483647;
			files = (
				1624D38F22A5875900C4A146 /* Message.swift in Sources */,
				1624D39222A5BAF200C4A146 /* MessageController.swift in Sources */,
				16AE5F7C22A584330033E4DF /* AppDelegate.swift in Sources */,
				1624D39522A5C02100C4A146 /* MessageListTableViewController.swift in Sources */,
			);
			runOnlyForDeploymentPostprocessing = 0;
		};
/* End PBXSourcesBuildPhase section */

/* Begin PBXVariantGroup section */
		16AE5F7F22A584330033E4DF /* Main.storyboard */ = {
			isa = PBXVariantGroup;
			children = (
				16AE5F8022A584330033E4DF /* Base */,
			);
			name = Main.storyboard;
			sourceTree = "<group>";
		};
/* End PBXVariantGroup section */

/* Begin XCBuildConfiguration section */
		16AE5F8822A584340033E4DF /* Debug */ = {
			isa = XCBuildConfiguration;
			buildSettings = {
				ALWAYS_SEARCH_USER_PATHS = NO;
				CLANG_ANALYZER_NONNULL = YES;
				CLANG_ANALYZER_NUMBER_OBJECT_CONVERSION = YES_AGGRESSIVE;
				CLANG_CXX_LANGUAGE_STANDARD = "gnu++14";
				CLANG_CXX_LIBRARY = "libc++";
				CLANG_ENABLE_MODULES = YES;
				CLANG_ENABLE_OBJC_ARC = YES;
				CLANG_ENABLE_OBJC_WEAK = YES;
				CLANG_WARN_BLOCK_CAPTURE_AUTORELEASING = YES;
				CLANG_WARN_BOOL_CONVERSION = YES;
				CLANG_WARN_COMMA = YES;
				CLANG_WARN_CONSTANT_CONVERSION = YES;
				CLANG_WARN_DEPRECATED_OBJC_IMPLEMENTATIONS = YES;
				CLANG_WARN_DIRECT_OBJC_ISA_USAGE = YES_ERROR;
				CLANG_WARN_DOCUMENTATION_COMMENTS = YES;
				CLANG_WARN_EMPTY_BODY = YES;
				CLANG_WARN_ENUM_CONVERSION = YES;
				CLANG_WARN_INFINITE_RECURSION = YES;
				CLANG_WARN_INT_CONVERSION = YES;
				CLANG_WARN_NON_LITERAL_NULL_CONVERSION = YES;
				CLANG_WARN_OBJC_IMPLICIT_RETAIN_SELF = YES;
				CLANG_WARN_OBJC_LITERAL_CONVERSION = YES;
				CLANG_WARN_OBJC_ROOT_CLASS = YES_ERROR;
				CLANG_WARN_RANGE_LOOP_ANALYSIS = YES;
				CLANG_WARN_STRICT_PROTOTYPES = YES;
				CLANG_WARN_SUSPICIOUS_MOVE = YES;
				CLANG_WARN_UNGUARDED_AVAILABILITY = YES_AGGRESSIVE;
				CLANG_WARN_UNREACHABLE_CODE = YES;
				CLANG_WARN__DUPLICATE_METHOD_MATCH = YES;
				CODE_SIGN_IDENTITY = "iPhone Developer";
				COPY_PHASE_STRIP = NO;
				DEBUG_INFORMATION_FORMAT = dwarf;
				ENABLE_STRICT_OBJC_MSGSEND = YES;
				ENABLE_TESTABILITY = YES;
				GCC_C_LANGUAGE_STANDARD = gnu11;
				GCC_DYNAMIC_NO_PIC = NO;
				GCC_NO_COMMON_BLOCKS = YES;
				GCC_OPTIMIZATION_LEVEL = 0;
				GCC_PREPROCESSOR_DEFINITIONS = (
					"DEBUG=1",
					"$(inherited)",
				);
				GCC_WARN_64_TO_32_BIT_CONVERSION = YES;
				GCC_WARN_ABOUT_RETURN_TYPE = YES_ERROR;
				GCC_WARN_UNDECLARED_SELECTOR = YES;
				GCC_WARN_UNINITIALIZED_AUTOS = YES_AGGRESSIVE;
				GCC_WARN_UNUSED_FUNCTION = YES;
				GCC_WARN_UNUSED_VARIABLE = YES;
				IPHONEOS_DEPLOYMENT_TARGET = 12.2;
				MTL_ENABLE_DEBUG_INFO = INCLUDE_SOURCE;
				MTL_FAST_MATH = YES;
				ONLY_ACTIVE_ARCH = YES;
				SDKROOT = iphoneos;
				SWIFT_ACTIVE_COMPILATION_CONDITIONS = DEBUG;
				SWIFT_OPTIMIZATION_LEVEL = "-Onone";
			};
			name = Debug;
		};
		16AE5F8922A584340033E4DF /* Release */ = {
			isa = XCBuildConfiguration;
			buildSettings = {
				ALWAYS_SEARCH_USER_PATHS = NO;
				CLANG_ANALYZER_NONNULL = YES;
				CLANG_ANALYZER_NUMBER_OBJECT_CONVERSION = YES_AGGRESSIVE;
				CLANG_CXX_LANGUAGE_STANDARD = "gnu++14";
				CLANG_CXX_LIBRARY = "libc++";
				CLANG_ENABLE_MODULES = YES;
				CLANG_ENABLE_OBJC_ARC = YES;
				CLANG_ENABLE_OBJC_WEAK = YES;
				CLANG_WARN_BLOCK_CAPTURE_AUTORELEASING = YES;
				CLANG_WARN_BOOL_CONVERSION = YES;
				CLANG_WARN_COMMA = YES;
				CLANG_WARN_CONSTANT_CONVERSION = YES;
				CLANG_WARN_DEPRECATED_OBJC_IMPLEMENTATIONS = YES;
				CLANG_WARN_DIRECT_OBJC_ISA_USAGE = YES_ERROR;
				CLANG_WARN_DOCUMENTATION_COMMENTS = YES;
				CLANG_WARN_EMPTY_BODY = YES;
				CLANG_WARN_ENUM_CONVERSION = YES;
				CLANG_WARN_INFINITE_RECURSION = YES;
				CLANG_WARN_INT_CONVERSION = YES;
				CLANG_WARN_NON_LITERAL_NULL_CONVERSION = YES;
				CLANG_WARN_OBJC_IMPLICIT_RETAIN_SELF = YES;
				CLANG_WARN_OBJC_LITERAL_CONVERSION = YES;
				CLANG_WARN_OBJC_ROOT_CLASS = YES_ERROR;
				CLANG_WARN_RANGE_LOOP_ANALYSIS = YES;
				CLANG_WARN_STRICT_PROTOTYPES = YES;
				CLANG_WARN_SUSPICIOUS_MOVE = YES;
				CLANG_WARN_UNGUARDED_AVAILABILITY = YES_AGGRESSIVE;
				CLANG_WARN_UNREACHABLE_CODE = YES;
				CLANG_WARN__DUPLICATE_METHOD_MATCH = YES;
				CODE_SIGN_IDENTITY = "iPhone Developer";
				COPY_PHASE_STRIP = NO;
				DEBUG_INFORMATION_FORMAT = "dwarf-with-dsym";
				ENABLE_NS_ASSERTIONS = NO;
				ENABLE_STRICT_OBJC_MSGSEND = YES;
				GCC_C_LANGUAGE_STANDARD = gnu11;
				GCC_NO_COMMON_BLOCKS = YES;
				GCC_WARN_64_TO_32_BIT_CONVERSION = YES;
				GCC_WARN_ABOUT_RETURN_TYPE = YES_ERROR;
				GCC_WARN_UNDECLARED_SELECTOR = YES;
				GCC_WARN_UNINITIALIZED_AUTOS = YES_AGGRESSIVE;
				GCC_WARN_UNUSED_FUNCTION = YES;
				GCC_WARN_UNUSED_VARIABLE = YES;
				IPHONEOS_DEPLOYMENT_TARGET = 12.2;
				MTL_ENABLE_DEBUG_INFO = NO;
				MTL_FAST_MATH = YES;
				SDKROOT = iphoneos;
				SWIFT_COMPILATION_MODE = wholemodule;
				SWIFT_OPTIMIZATION_LEVEL = "-O";
				VALIDATE_PRODUCT = YES;
			};
			name = Release;
		};
		16AE5F8B22A584340033E4DF /* Debug */ = {
			isa = XCBuildConfiguration;
			buildSettings = {
				ASSETCATALOG_COMPILER_APPICON_NAME = AppIcon;
				CODE_SIGN_STYLE = Automatic;
				DEVELOPMENT_TEAM = 43BBC72U4R;
				INFOPLIST_FILE = CKBulletinBoard/Info.plist;
				LD_RUNPATH_SEARCH_PATHS = (
					"$(inherited)",
					"@executable_path/Frameworks",
				);
				PRODUCT_BUNDLE_IDENTIFIER = MyFirstAPP.CKBulletinBoard;
				PRODUCT_NAME = "$(TARGET_NAME)";
				SWIFT_VERSION = 5.0;
				TARGETED_DEVICE_FAMILY = "1,2";
			};
			name = Debug;
		};
		16AE5F8C22A584340033E4DF /* Release */ = {
			isa = XCBuildConfiguration;
			buildSettings = {
				ASSETCATALOG_COMPILER_APPICON_NAME = AppIcon;
				CODE_SIGN_STYLE = Automatic;
				DEVELOPMENT_TEAM = 43BBC72U4R;
				INFOPLIST_FILE = CKBulletinBoard/Info.plist;
				LD_RUNPATH_SEARCH_PATHS = (
					"$(inherited)",
					"@executable_path/Frameworks",
				);
				PRODUCT_BUNDLE_IDENTIFIER = MyFirstAPP.CKBulletinBoard;
				PRODUCT_NAME = "$(TARGET_NAME)";
				SWIFT_VERSION = 5.0;
				TARGETED_DEVICE_FAMILY = "1,2";
			};
			name = Release;
		};
/* End XCBuildConfiguration section */

/* Begin XCConfigurationList section */
		16AE5F7322A584330033E4DF /* Build configuration list for PBXProject "CKBulletinBoard" */ = {
			isa = XCConfigurationList;
			buildConfigurations = (
				16AE5F8822A584340033E4DF /* Debug */,
				16AE5F8922A584340033E4DF /* Release */,
			);
			defaultConfigurationIsVisible = 0;
			defaultConfigurationName = Release;
		};
		16AE5F8A22A584340033E4DF /* Build configuration list for PBXNativeTarget "CKBulletinBoard" */ = {
			isa = XCConfigurationList;
			buildConfigurations = (
				16AE5F8B22A584340033E4DF /* Debug */,
				16AE5F8C22A584340033E4DF /* Release */,
			);
			defaultConfigurationIsVisible = 0;
			defaultConfigurationName = Release;
		};
/* End XCConfigurationList section */
	};
	rootObject = 16AE5F7022A584330033E4DF /* Project object */;
}
